
Microsoft Visual Studio Solution File, Format Version 12.00
# Visual Studio 14
VisualStudioVersion = 14.0.25420.1
MinimumVisualStudioVersion = 10.0.40219.1
Project("{8BC9CEB8-8B4A-11D0-8D11-00A0C91BC942}") = "LoadAssets", "LoadAssets\LoadAssets.vcxproj", "{C2792F24-6F48-4DFB-B177-64D5C116AAA1}"
EndProject
Project("{8BC9CEB8-8B4A-11D0-8D11-00A0C91BC942}") = "Lua", "..\Lua\Lua\Lua.vcxproj", "{7CAC1F7F-58A6-4ACA-8E8B-5E8D9AB09B6A}"
EndProject
Project("{8BC9CEB8-8B4A-11D0-8D11-00A0C91BC942}") = "LuaInterpreter", "..\LuaInterpreter\LuaInterpreter\LuaInterpreter.vcxproj", "{E6F27427-24AA-4850-A7DA-E0FFF1B18EF4}"
EndProject
Project("{8BC9CEB8-8B4A-11D0-8D11-00A0C91BC942}") = "AssetsToolsUnitTest", "AssetsToolsUnitTest\AssetsToolsUnitTest.vcxproj", "{BC34E730-8AB2-4A2A-A780-99BF2B5A3AE8}"
EndProject
Project("{8BC9CEB8-8B4A-11D0-8D11-00A0C91BC942}") = "MeshData", "..\BuildLuaModules\MeshData\MeshData.vcxproj", "{C313E0E9-3053-4090-9BAD-F665CF0A77D6}"
EndProject
Global
	GlobalSection(SolutionConfigurationPlatforms) = preSolution
		Debug|x64 = Debug|x64
		Debug|x86 = Debug|x86
		Release|x64 = Release|x64
		Release|x86 = Release|x86
	EndGlobalSection
	GlobalSection(ProjectConfigurationPlatforms) = postSolution
		{C2792F24-6F48-4DFB-B177-64D5C116AAA1}.Debug|x64.ActiveCfg = Debug|x64
		{C2792F24-6F48-4DFB-B177-64D5C116AAA1}.Debug|x64.Build.0 = Debug|x64
		{C2792F24-6F48-4DFB-B177-64D5C116AAA1}.Debug|x86.ActiveCfg = Debug|Win32
		{C2792F24-6F48-4DFB-B177-64D5C116AAA1}.Debug|x86.Build.0 = Debug|Win32
		{C2792F24-6F48-4DFB-B177-64D5C116AAA1}.Release|x64.ActiveCfg = Release|x64
		{C2792F24-6F48-4DFB-B177-64D5C116AAA1}.Release|x64.Build.0 = Release|x64
		{C2792F24-6F48-4DFB-B177-64D5C116AAA1}.Release|x86.ActiveCfg = Release|Win32
		{C2792F24-6F48-4DFB-B177-64D5C116AAA1}.Release|x86.Build.0 = Release|Win32
		{7CAC1F7F-58A6-4ACA-8E8B-5E8D9AB09B6A}.Debug|x64.ActiveCfg = Debug|x64
		{7CAC1F7F-58A6-4ACA-8E8B-5E8D9AB09B6A}.Debug|x64.Build.0 = Debug|x64
		{7CAC1F7F-58A6-4ACA-8E8B-5E8D9AB09B6A}.Debug|x86.ActiveCfg = Debug|Win32
		{7CAC1F7F-58A6-4ACA-8E8B-5E8D9AB09B6A}.Debug|x86.Build.0 = Debug|Win32
		{7CAC1F7F-58A6-4ACA-8E8B-5E8D9AB09B6A}.Release|x64.ActiveCfg = Release|x64
		{7CAC1F7F-58A6-4ACA-8E8B-5E8D9AB09B6A}.Release|x64.Build.0 = Release|x64
		{7CAC1F7F-58A6-4ACA-8E8B-5E8D9AB09B6A}.Release|x86.ActiveCfg = Release|Win32
		{7CAC1F7F-58A6-4ACA-8E8B-5E8D9AB09B6A}.Release|x86.Build.0 = Release|Win32
		{E6F27427-24AA-4850-A7DA-E0FFF1B18EF4}.Debug|x64.ActiveCfg = Debug|x64
		{E6F27427-24AA-4850-A7DA-E0FFF1B18EF4}.Debug|x64.Build.0 = Debug|x64
		{E6F27427-24AA-4850-A7DA-E0FFF1B18EF4}.Debug|x86.ActiveCfg = Debug|Win32
		{E6F27427-24AA-4850-A7DA-E0FFF1B18EF4}.Debug|x86.Build.0 = Debug|Win32
		{E6F27427-24AA-4850-A7DA-E0FFF1B18EF4}.Release|x64.ActiveCfg = Release|x64
		{E6F27427-24AA-4850-A7DA-E0FFF1B18EF4}.Release|x64.Build.0 = Release|x64
		{E6F27427-24AA-4850-A7DA-E0FFF1B18EF4}.Release|x86.ActiveCfg = Release|Win32
		{E6F27427-24AA-4850-A7DA-E0FFF1B18EF4}.Release|x86.Build.0 = Release|Win32
		{BC34E730-8AB2-4A2A-A780-99BF2B5A3AE8}.Debug|x64.ActiveCfg = Debug|x64
		{BC34E730-8AB2-4A2A-A780-99BF2B5A3AE8}.Debug|x64.Build.0 = Debug|x64
		{BC34E730-8AB2-4A2A-A780-99BF2B5A3AE8}.Debug|x86.ActiveCfg = Debug|Win32
		{BC34E730-8AB2-4A2A-A780-99BF2B5A3AE8}.Debug|x86.Build.0 = Debug|Win32
		{BC34E730-8AB2-4A2A-A780-99BF2B5A3AE8}.Release|x64.ActiveCfg = Release|x64
		{BC34E730-8AB2-4A2A-A780-99BF2B5A3AE8}.Release|x64.Build.0 = Release|x64
		{BC34E730-8AB2-4A2A-A780-99BF2B5A3AE8}.Release|x86.ActiveCfg = Release|Win32
		{BC34E730-8AB2-4A2A-A780-99BF2B5A3AE8}.Release|x86.Build.0 = Release|Win32
		{C313E0E9-3053-4090-9BAD-F665CF0A77D6}.Debug|x64.ActiveCfg = Debug|x64
		{C313E0E9-3053-4090-9BAD-F665CF0A77D6}.Debug|x64.Build.0 = Debug|x64
		{C313E0E9-3053-4090-9BAD-F665CF0A77D6}.Debug|x86.ActiveCfg = Debug|Win32
		{C313E0E9-3053-4090-9BAD-F665CF0A77D6}.Debug|x86.Build.0 = Debug|Win32
		{C313E0E9-3053-4090-9BAD-F665CF0A77D6}.Release|x64.ActiveCfg = Release|x64
		{C313E0E9-3053-4090-9BAD-F665CF0A77D6}.Release|x64.Build.0 = Release|x64
		{C313E0E9-3053-4090-9BAD-F665CF0A77D6}.Release|x86.ActiveCfg = Release|Win32
		{C313E0E9-3053-4090-9BAD-F665CF0A77D6}.Release|x86.Build.0 = Release|Win32
	EndGlobalSection
	GlobalSection(SolutionProperties) = preSolution
		HideSolutionNode = FALSE
	EndGlobalSection
EndGlobal
